
Microsoft Visual Studio Solution File, Format Version 12.00
# Visual Studio Version 16
VisualStudioVersion = 16.0.29509.3
MinimumVisualStudioVersion = 10.0.40219.1
Project("{9A19103F-16F7-4668-BE54-9A1E7A4F7556}") = "WSSrv", "WSSrv\WSSrv.csproj", "{1E78C7C1-54F4-4645-8D4C-D19BAEA32A40}"
EndProject
Project("{9A19103F-16F7-4668-BE54-9A1E7A4F7556}") = "WSCli", "WSCli\WSCli.csproj", "{496D1898-AAA7-4102-B2D6-3DDFAE6E09F7}"
EndProject
Project("{9A19103F-16F7-4668-BE54-9A1E7A4F7556}") = "WS", "WSdto\WS.csproj", "{AD1C9EEC-4A2C-406D-8B01-C0519AA53065}"
EndProject
Global
	GlobalSection(SolutionConfigurationPlatforms) = preSolution
		Debug|Any CPU = Debug|Any CPU
		Release|Any CPU = Release|Any CPU
	EndGlobalSection
	GlobalSection(ProjectConfigurationPlatforms) = postSolution
		{1E78C7C1-54F4-4645-8D4C-D19BAEA32A40}.Debug|Any CPU.ActiveCfg = Debug|Any CPU
		{1E78C7C1-54F4-4645-8D4C-D19BAEA32A40}.Debug|Any CPU.Build.0 = Debug|Any CPU
		{1E78C7C1-54F4-4645-8D4C-D19BAEA32A40}.Release|Any CPU.ActiveCfg = Release|Any CPU
		{1E78C7C1-54F4-4645-8D4C-D19BAEA32A40}.Release|Any CPU.Build.0 = Release|Any CPU
		{496D1898-AAA7-4102-B2D6-3DDFAE6E09F7}.Debug|Any CPU.ActiveCfg = Debug|Any CPU
		{496D1898-AAA7-4102-B2D6-3DDFAE6E09F7}.Debug|Any CPU.Build.0 = Debug|Any CPU
		{496D1898-AAA7-4102-B2D6-3DDFAE6E09F7}.Release|Any CPU.ActiveCfg = Release|Any CPU
		{496D1898-AAA7-4102-B2D6-3DDFAE6E09F7}.Release|Any CPU.Build.0 = Release|Any CPU
		{AD1C9EEC-4A2C-406D-8B01-C0519AA53065}.Debug|Any CPU.ActiveCfg = Debug|Any CPU
		{AD1C9EEC-4A2C-406D-8B01-C0519AA53065}.Debug|Any CPU.Build.0 = Debug|Any CPU
		{AD1C9EEC-4A2C-406D-8B01-C0519AA53065}.Release|Any CPU.ActiveCfg = Release|Any CPU
		{AD1C9EEC-4A2C-406D-8B01-C0519AA53065}.Release|Any CPU.Build.0 = Release|Any CPU
	EndGlobalSection
	GlobalSection(SolutionProperties) = preSolution
		HideSolutionNode = FALSE
	EndGlobalSection
	GlobalSection(ExtensibilityGlobals) = postSolution
		SolutionGuid = {9261C173-E176-4F77-A169-DF25EF732250}
	EndGlobalSection
EndGlobal
